
Microsoft Visual Studio Solution File, Format Version 12.00
# Visual Studio 15
VisualStudioVersion = 15.0.28010.0
MinimumVisualStudioVersion = 10.0.40219.1
Project("{FAE04EC0-301F-11D3-BF4B-00C04F79EFBC}") = "GettingStarted.Android", "GettingStarted.Android\GettingStarted.Android.csproj", "{B5A6DBCC-6554-4D6C-B767-236EBEEF885B}"
EndProject
Project("{FAE04EC0-301F-11D3-BF4B-00C04F79EFBC}") = "GettingStarted.iOS", "GettingStarted.iOS\GettingStarted.iOS.csproj", "{602D278E-87D0-4C96-ADE6-46C3898394D0}"
EndProject
Project("{9A19103F-16F7-4668-BE54-9A1E7A4F7556}") = "GettingStarted", "GettingStarted\GettingStarted.csproj", "{934858D8-0903-4CEB-9C82-EA33829A8B08}"
EndProject
Global
	GlobalSection(SolutionConfigurationPlatforms) = preSolution
		Debug|Any CPU = Debug|Any CPU
		Debug|ARM = Debug|ARM
		Debug|iPhone = Debug|iPhone
		Debug|iPhoneSimulator = Debug|iPhoneSimulator
		Debug|x64 = Debug|x64
		Debug|x86 = Debug|x86
		Release|Any CPU = Release|Any CPU
		Release|ARM = Release|ARM
		Release|iPhone = Release|iPhone
		Release|iPhoneSimulator = Release|iPhoneSimulator
		Release|x64 = Release|x64
		Release|x86 = Release|x86
	EndGlobalSection
	GlobalSection(ProjectConfigurationPlatforms) = postSolution
		{B5A6DBCC-6554-4D6C-B767-236EBEEF885B}.Debug|Any CPU.ActiveCfg = Debug|Any CPU
		{B5A6DBCC-6554-4D6C-B767-236EBEEF885B}.Debug|Any CPU.Build.0 = Debug|Any CPU
		{B5A6DBCC-6554-4D6C-B767-236EBEEF885B}.Debug|Any CPU.Deploy.0 = Debug|Any CPU
		{B5A6DBCC-6554-4D6C-B767-236EBEEF885B}.Debug|ARM.ActiveCfg = Debug|Any CPU
		{B5A6DBCC-6554-4D6C-B767-236EBEEF885B}.Debug|ARM.Build.0 = Debug|Any CPU
		{B5A6DBCC-6554-4D6C-B767-236EBEEF885B}.Debug|ARM.Deploy.0 = Debug|Any CPU
		{B5A6DBCC-6554-4D6C-B767-236EBEEF885B}.Debug|iPhone.ActiveCfg = Debug|Any CPU
		{B5A6DBCC-6554-4D6C-B767-236EBEEF885B}.Debug|iPhone.Build.0 = Debug|Any CPU
		{B5A6DBCC-6554-4D6C-B767-236EBEEF885B}.Debug|iPhone.Deploy.0 = Debug|Any CPU
		{B5A6DBCC-6554-4D6C-B767-236EBEEF885B}.Debug|iPhoneSimulator.ActiveCfg = Debug|Any CPU
		{B5A6DBCC-6554-4D6C-B767-236EBEEF885B}.Debug|iPhoneSimulator.Build.0 = Debug|Any CPU
		{B5A6DBCC-6554-4D6C-B767-236EBEEF885B}.Debug|iPhoneSimulator.Deploy.0 = Debug|Any CPU
		{B5A6DBCC-6554-4D6C-B767-236EBEEF885B}.Debug|x64.ActiveCfg = Debug|Any CPU
		{B5A6DBCC-6554-4D6C-B767-236EBEEF885B}.Debug|x64.Build.0 = Debug|Any CPU
		{B5A6DBCC-6554-4D6C-B767-236EBEEF885B}.Debug|x64.Deploy.0 = Debug|Any CPU
		{B5A6DBCC-6554-4D6C-B767-236EBEEF885B}.Debug|x86.ActiveCfg = Debug|Any CPU
		{B5A6DBCC-6554-4D6C-B767-236EBEEF885B}.Debug|x86.Build.0 = Debug|Any CPU
		{B5A6DBCC-6554-4D6C-B767-236EBEEF885B}.Debug|x86.Deploy.0 = Debug|Any CPU
		{B5A6DBCC-6554-4D6C-B767-236EBEEF885B}.Release|Any CPU.ActiveCfg = Release|Any CPU
		{B5A6DBCC-6554-4D6C-B767-236EBEEF885B}.Release|Any CPU.Build.0 = Release|Any CPU
		{B5A6DBCC-6554-4D6C-B767-236EBEEF885B}.Release|Any CPU.Deploy.0 = Release|Any CPU
		{B5A6DBCC-6554-4D6C-B767-236EBEEF885B}.Release|ARM.ActiveCfg = Release|Any CPU
		{B5A6DBCC-6554-4D6C-B767-236EBEEF885B}.Release|ARM.Build.0 = Release|Any CPU
		{B5A6DBCC-6554-4D6C-B767-236EBEEF885B}.Release|ARM.Deploy.0 = Release|Any CPU
		{B5A6DBCC-6554-4D6C-B767-236EBEEF885B}.Release|iPhone.ActiveCfg = Release|Any CPU
		{B5A6DBCC-6554-4D6C-B767-236EBEEF885B}.Release|iPhone.Build.0 = Release|Any CPU
		{B5A6DBCC-6554-4D6C-B767-236EBEEF885B}.Release|iPhone.Deploy.0 = Release|Any CPU
		{B5A6DBCC-6554-4D6C-B767-236EBEEF885B}.Release|iPhoneSimulator.ActiveCfg = Release|Any CPU
		{B5A6DBCC-6554-4D6C-B767-236EBEEF885B}.Release|iPhoneSimulator.Build.0 = Release|Any CPU
		{B5A6DBCC-6554-4D6C-B767-236EBEEF885B}.Release|iPhoneSimulator.Deploy.0 = Release|Any CPU
		{B5A6DBCC-6554-4D6C-B767-236EBEEF885B}.Release|x64.ActiveCfg = Release|Any CPU
		{B5A6DBCC-6554-4D6C-B767-236EBEEF885B}.Release|x64.Build.0 = Release|Any CPU
		{B5A6DBCC-6554-4D6C-B767-236EBEEF885B}.Release|x64.Deploy.0 = Release|Any CPU
		{B5A6DBCC-6554-4D6C-B767-236EBEEF885B}.Release|x86.ActiveCfg = Release|Any CPU
		{B5A6DBCC-6554-4D6C-B767-236EBEEF885B}.Release|x86.Build.0 = Release|Any CPU
		{B5A6DBCC-6554-4D6C-B767-236EBEEF885B}.Release|x86.Deploy.0 = Release|Any CPU
		{602D278E-87D0-4C96-ADE6-46C3898394D0}.Debug|Any CPU.ActiveCfg = Debug|iPhone
		{602D278E-87D0-4C96-ADE6-46C3898394D0}.Debug|Any CPU.Build.0 = Debug|iPhone
		{602D278E-87D0-4C96-ADE6-46C3898394D0}.Debug|Any CPU.Deploy.0 = Debug|iPhone
		{602D278E-87D0-4C96-ADE6-46C3898394D0}.Debug|ARM.ActiveCfg = Debug|iPhoneSimulator
		{602D278E-87D0-4C96-ADE6-46C3898394D0}.Debug|ARM.Build.0 = Debug|iPhoneSimulator
		{602D278E-87D0-4C96-ADE6-46C3898394D0}.Debug|ARM.Deploy.0 = Debug|iPhoneSimulator
		{602D278E-87D0-4C96-ADE6-46C3898394D0}.Debug|iPhone.ActiveCfg = Debug|iPhone
		{602D278E-87D0-4C96-ADE6-46C3898394D0}.Debug|iPhone.Build.0 = Debug|iPhone
		{602D278E-87D0-4C96-ADE6-46C3898394D0}.Debug|iPhone.Deploy.0 = Debug|iPhone
		{602D278E-87D0-4C96-ADE6-46C3898394D0}.Debug|iPhoneSimulator.ActiveCfg = Debug|iPhoneSimulator
		{602D278E-87D0-4C96-ADE6-46C3898394D0}.Debug|iPhoneSimulator.Build.0 = Debug|iPhoneSimulator
		{602D278E-87D0-4C96-ADE6-46C3898394D0}.Debug|iPhoneSimulator.Deploy.0 = Debug|iPhoneSimulator
		{602D278E-87D0-4C96-ADE6-46C3898394D0}.Debug|x64.ActiveCfg = Debug|iPhone
		{602D278E-87D0-4C96-ADE6-46C3898394D0}.Debug|x64.Build.0 = Debug|iPhone
		{602D278E-87D0-4C96-ADE6-46C3898394D0}.Debug|x64.Deploy.0 = Debug|iPhone
		{602D278E-87D0-4C96-ADE6-46C3898394D0}.Debug|x86.ActiveCfg = Debug|iPhone
		{602D278E-87D0-4C96-ADE6-46C3898394D0}.Debug|x86.Build.0 = Debug|iPhone
		{602D278E-87D0-4C96-ADE6-46C3898394D0}.Debug|x86.Deploy.0 = Debug|iPhone
		{602D278E-87D0-4C96-ADE6-46C3898394D0}.Release|Any CPU.ActiveCfg = Release|iPhone
		{602D278E-87D0-4C96-ADE6-46C3898394D0}.Release|Any CPU.Build.0 = Release|iPhone
		{602D278E-87D0-4C96-ADE6-46C3898394D0}.Release|Any CPU.Deploy.0 = Release|iPhone
		{602D278E-87D0-4C96-ADE6-46C3898394D0}.Release|ARM.ActiveCfg = Release|iPhone
		{602D278E-87D0-4C96-ADE6-46C3898394D0}.Release|ARM.Build.0 = Release|iPhone
		{602D278E-87D0-4C96-ADE6-46C3898394D0}.Release|ARM.Deploy.0 = Release|iPhone
		{602D278E-87D0-4C96-ADE6-46C3898394D0}.Release|iPhone.ActiveCfg = Release|iPhone
		{602D278E-87D0-4C96-ADE6-46C3898394D0}.Release|iPhone.Build.0 = Release|iPhone
		{602D278E-87D0-4C96-ADE6-46C3898394D0}.Release|iPhone.Deploy.0 = Release|iPhone
		{602D278E-87D0-4C96-ADE6-46C3898394D0}.Release|iPhoneSimulator.ActiveCfg = Release|iPhoneSimulator
		{602D278E-87D0-4C96-ADE6-46C3898394D0}.Release|iPhoneSimulator.Build.0 = Release|iPhoneSimulator
		{602D278E-87D0-4C96-ADE6-46C3898394D0}.Release|iPhoneSimulator.Deploy.0 = Release|iPhoneSimulator
		{602D278E-87D0-4C96-ADE6-46C3898394D0}.Release|x64.ActiveCfg = Release|iPhone
		{602D278E-87D0-4C96-ADE6-46C3898394D0}.Release|x64.Build.0 = Release|iPhone
		{602D278E-87D0-4C96-ADE6-46C3898394D0}.Release|x64.Deploy.0 = Release|iPhone
		{602D278E-87D0-4C96-ADE6-46C3898394D0}.Release|x86.ActiveCfg = Release|iPhone
		{602D278E-87D0-4C96-ADE6-46C3898394D0}.Release|x86.Build.0 = Release|iPhone
		{602D278E-87D0-4C96-ADE6-46C3898394D0}.Release|x86.Deploy.0 = Release|iPhone
		{934858D8-0903-4CEB-9C82-EA33829A8B08}.Debug|Any CPU.ActiveCfg = Debug|Any CPU
		{934858D8-0903-4CEB-9C82-EA33829A8B08}.Debug|Any CPU.Build.0 = Debug|Any CPU
		{934858D8-0903-4CEB-9C82-EA33829A8B08}.Debug|Any CPU.Deploy.0 = Debug|Any CPU
		{934858D8-0903-4CEB-9C82-EA33829A8B08}.Debug|ARM.ActiveCfg = Debug|Any CPU
		{934858D8-0903-4CEB-9C82-EA33829A8B08}.Debug|ARM.Build.0 = Debug|Any CPU
		{934858D8-0903-4CEB-9C82-EA33829A8B08}.Debug|ARM.Deploy.0 = Debug|Any CPU
		{934858D8-0903-4CEB-9C82-EA33829A8B08}.Debug|iPhone.ActiveCfg = Debug|Any CPU
		{934858D8-0903-4CEB-9C82-EA33829A8B08}.Debug|iPhone.Build.0 = Debug|Any CPU
		{934858D8-0903-4CEB-9C82-EA33829A8B08}.Debug|iPhone.Deploy.0 = Debug|Any CPU
		{934858D8-0903-4CEB-9C82-EA33829A8B08}.Debug|iPhoneSimulator.ActiveCfg = Debug|Any CPU
		{934858D8-0903-4CEB-9C82-EA33829A8B08}.Debug|iPhoneSimulator.Build.0 = Debug|Any CPU
		{934858D8-0903-4CEB-9C82-EA33829A8B08}.Debug|iPhoneSimulator.Deploy.0 = Debug|Any CPU
		{934858D8-0903-4CEB-9C82-EA33829A8B08}.Debug|x64.ActiveCfg = Debug|Any CPU
		{934858D8-0903-4CEB-9C82-EA33829A8B08}.Debug|x64.Build.0 = Debug|Any CPU
		{934858D8-0903-4CEB-9C82-EA33829A8B08}.Debug|x64.Deploy.0 = Debug|Any CPU
		{934858D8-0903-4CEB-9C82-EA33829A8B08}.Debug|x86.ActiveCfg = Debug|Any CPU
		{934858D8-0903-4CEB-9C82-EA33829A8B08}.Debug|x86.Build.0 = Debug|Any CPU
		{934858D8-0903-4CEB-9C82-EA33829A8B08}.Debug|x86.Deploy.0 = Debug|Any CPU
		{934858D8-0903-4CEB-9C82-EA33829A8B08}.Release|Any CPU.ActiveCfg = Release|Any CPU
		{934858D8-0903-4CEB-9C82-EA33829A8B08}.Release|Any CPU.Build.0 = Release|Any CPU
		{934858D8-0903-4CEB-9C82-EA33829A8B08}.Release|Any CPU.Deploy.0 = Release|Any CPU
		{934858D8-0903-4CEB-9C82-EA33829A8B08}.Release|ARM.ActiveCfg = Release|Any CPU
		{934858D8-0903-4CEB-9C82-EA33829A8B08}.Release|ARM.Build.0 = Release|Any CPU
		{934858D8-0903-4CEB-9C82-EA33829A8B08}.Release|ARM.Deploy.0 = Release|Any CPU
		{934858D8-0903-4CEB-9C82-EA33829A8B08}.Release|iPhone.ActiveCfg = Release|Any CPU
		{934858D8-0903-4CEB-9C82-EA33829A8B08}.Release|iPhone.Build.0 = Release|Any CPU
		{934858D8-0903-4CEB-9C82-EA33829A8B08}.Release|iPhone.Deploy.0 = Release|Any CPU
		{934858D8-0903-4CEB-9C82-EA33829A8B08}.Release|iPhoneSimulator.ActiveCfg = Release|Any CPU
		{934858D8-0903-4CEB-9C82-EA33829A8B08}.Release|iPhoneSimulator.Build.0 = Release|Any CPU
		{934858D8-0903-4CEB-9C82-EA33829A8B08}.Release|iPhoneSimulator.Deploy.0 = Release|Any CPU
		{934858D8-0903-4CEB-9C82-EA33829A8B08}.Release|x64.ActiveCfg = Release|Any CPU
		{934858D8-0903-4CEB-9C82-EA33829A8B08}.Release|x64.Build.0 = Release|Any CPU
		{934858D8-0903-4CEB-9C82-EA33829A8B08}.Release|x64.Deploy.0 = Release|Any CPU
		{934858D8-0903-4CEB-9C82-EA33829A8B08}.Release|x86.ActiveCfg = Release|Any CPU
		{934858D8-0903-4CEB-9C82-EA33829A8B08}.Release|x86.Build.0 = Release|Any CPU
		{934858D8-0903-4CEB-9C82-EA33829A8B08}.Release|x86.Deploy.0 = Release|Any CPU
	EndGlobalSection
	GlobalSection(SolutionProperties) = preSolution
		HideSolutionNode = FALSE
	EndGlobalSection
	GlobalSection(ExtensibilityGlobals) = postSolution
		SolutionGuid = {4CA11DD9-536E-4526-A186-D1F8D0C0F04D}
	EndGlobalSection
EndGlobal
